
Microsoft Visual Studio Solution File, Format Version 12.00
# Visual Studio Version 16
VisualStudioVersion = 16.0.31702.278
MinimumVisualStudioVersion = 10.0.40219.1
Project("{9A19103F-16F7-4668-BE54-9A1E7A4F7556}") = "SBIChallengeAPI", "SBIChallengeAPI\SBIChallengeAPI.csproj", "{5CCD7CA9-0386-491E-925B-D604023B4D9C}"
EndProject
Global
	GlobalSection(SolutionConfigurationPlatforms) = preSolution
		Debug|Any CPU = Debug|Any CPU
		Release|Any CPU = Release|Any CPU
	EndGlobalSection
	GlobalSection(ProjectConfigurationPlatforms) = postSolution
		{5CCD7CA9-0386-491E-925B-D604023B4D9C}.Debug|Any CPU.ActiveCfg = Debug|Any CPU
		{5CCD7CA9-0386-491E-925B-D604023B4D9C}.Debug|Any CPU.Build.0 = Debug|Any CPU
		{5CCD7CA9-0386-491E-925B-D604023B4D9C}.Release|Any CPU.ActiveCfg = Release|Any CPU
		{5CCD7CA9-0386-491E-925B-D604023B4D9C}.Release|Any CPU.Build.0 = Release|Any CPU
	EndGlobalSection
	GlobalSection(SolutionProperties) = preSolution
		HideSolutionNode = FALSE
	EndGlobalSection
	GlobalSection(ExtensibilityGlobals) = postSolution
		SolutionGuid = {41A0AA42-05D6-4BD1-9933-5F675A4CE0B5}
	EndGlobalSection
EndGlobal
